// !$*UTF8*$!
{
	archiveVersion = 1;
	classes = {
	};
	objectVersion = 46;
	objects = {

/* Begin PBXBuildFile section */
		BDF4385314E55A0D00A27135 /* UIKit.framework in Frameworks */ = {isa = PBXBuildFile; fileRef = BDF4385214E55A0D00A27135 /* UIKit.framework */; };
		BDF4385514E55A0D00A27135 /* Foundation.framework in Frameworks */ = {isa = PBXBuildFile; fileRef = BDF4385414E55A0D00A27135 /* Foundation.framework */; };
		BDF4385714E55A0D00A27135 /* CoreGraphics.framework in Frameworks */ = {isa = PBXBuildFile; fileRef = BDF4385614E55A0D00A27135 /* CoreGraphics.framework */; };
		BDF4385D14E55A0D00A27135 /* InfoPlist.strings in Resources */ = {isa = PBXBuildFile; fileRef = BDF4385B14E55A0D00A27135 /* InfoPlist.strings */; };
		BDF4385F14E55A0D00A27135 /* main.m in Sources */ = {isa = PBXBuildFile; fileRef = BDF4385E14E55A0D00A27135 /* main.m */; };
		BDF4386314E55A0D00A27135 /* SMAppDelegate.m in Sources */ = {isa = PBXBuildFile; fileRef = BDF4386214E55A0D00A27135 /* SMAppDelegate.m */; };
		BDF4386614E55A0D00A27135 /* SMViewController.m in Sources */ = {isa = PBXBuildFile; fileRef = BDF4386514E55A0D00A27135 /* SMViewController.m */; };
		BDF4386914E55A0D00A27135 /* SMViewController.xib in Resources */ = {isa = PBXBuildFile; fileRef = BDF4386714E55A0D00A27135 /* SMViewController.xib */; };
		BDF4387814E55BC000A27135 /* SMClove.m in Sources */ = {isa = PBXBuildFile; fileRef = BDF4387414E55BC000A27135 /* SMClove.m */; };
		BDF4387914E55BC000A27135 /* SMRotaryWheel.m in Sources */ = {isa = PBXBuildFile; fileRef = BDF4387714E55BC000A27135 /* SMRotaryWheel.m */; };
		BDF4388614E55C3400A27135 /* bg.png in Resources */ = {isa = PBXBuildFile; fileRef = BDF4387B14E55C3400A27135 /* bg.png */; };
		BDF4388714E55C3400A27135 /* centerButton.png in Resources */ = {isa = PBXBuildFile; fileRef = BDF4387C14E55C3400A27135 /* centerButton.png */; };
		BDF4388814E55C3400A27135 /* icon0.png in Resources */ = {isa = PBXBuildFile; fileRef = BDF4387D14E55C3400A27135 /* icon0.png */; };
		BDF4388914E55C3400A27135 /* icon1.png in Resources */ = {isa = PBXBuildFile; fileRef = BDF4387E14E55C3400A27135 /* icon1.png */; };
		BDF4388A14E55C3400A27135 /* icon2.png in Resources */ = {isa = PBXBuildFile; fileRef = BDF4387F14E55C3400A27135 /* icon2.png */; };
		BDF4388B14E55C3400A27135 /* icon3.png in Resources */ = {isa = PBXBuildFile; fileRef = BDF4388014E55C3400A27135 /* icon3.png */; };
		BDF4388C14E55C3400A27135 /* icon4.png in Resources */ = {isa = PBXBuildFile; fileRef = BDF4388114E55C3400A27135 /* icon4.png */; };
		BDF4388D14E55C3400A27135 /* icon5.png in Resources */ = {isa = PBXBuildFile; fileRef = BDF4388214E55C3400A27135 /* icon5.png */; };
		BDF4388E14E55C3400A27135 /* icon6.png in Resources */ = {isa = PBXBuildFile; fileRef = BDF4388314E55C3400A27135 /* icon6.png */; };
		BDF4388F14E55C3400A27135 /* icon7.png in Resources */ = {isa = PBXBuildFile; fileRef = BDF4388414E55C3400A27135 /* icon7.png */; };
		BDF4389014E55C3400A27135 /* segment.png in Resources */ = {isa = PBXBuildFile; fileRef = BDF4388514E55C3400A27135 /* segment.png */; };
/* End PBXBuildFile section */

/* Begin PBXFileReference section */
		BDF4384E14E55A0D00A27135 /* RotaryWheelProject.app */ = {isa = PBXFileReference; explicitFileType = wrapper.application; includeInIndex = 0; path = RotaryWheelProject.app; sourceTree = BUILT_PRODUCTS_DIR; };
		BDF4385214E55A0D00A27135 /* UIKit.framework */ = {isa = PBXFileReference; lastKnownFileType = wrapper.framework; name = UIKit.framework; path = System/Library/Frameworks/UIKit.framework; sourceTree = SDKROOT; };
		BDF4385414E55A0D00A27135 /* Foundation.framework */ = {isa = PBXFileReference; lastKnownFileType = wrapper.framework; name = Foundation.framework; path = System/Library/Frameworks/Foundation.framework; sourceTree = SDKROOT; };
		BDF4385614E55A0D00A27135 /* CoreGraphics.framework */ = {isa = PBXFileReference; lastKnownFileType = wrapper.framework; name = CoreGraphics.framework; path = System/Library/Frameworks/CoreGraphics.framework; sourceTree = SDKROOT; };
		BDF4385A14E55A0D00A27135 /* RotaryWheelProject-Info.plist */ = {isa = PBXFileReference; lastKnownFileType = text.plist.xml; path = "RotaryWheelProject-Info.plist"; sourceTree = "<group>"; };
		BDF4385C14E55A0D00A27135 /* en */ = {isa = PBXFileReference; lastKnownFileType = text.plist.strings; name = en; path = en.lproj/InfoPlist.strings; sourceTree = "<group>"; };
		BDF4385E14E55A0D00A27135 /* main.m */ = {isa = PBXFileReference; lastKnownFileType = sourcecode.c.objc; path = main.m; sourceTree = "<group>"; };
		BDF4386014E55A0D00A27135 /* RotaryWheelProject-Prefix.pch */ = {isa = PBXFileReference; lastKnownFileType = sourcecode.c.h; path = "RotaryWheelProject-Prefix.pch"; sourceTree = "<group>"; };
		BDF4386114E55A0D00A27135 /* SMAppDelegate.h */ = {isa = PBXFileReference; lastKnownFileType = sourcecode.c.h; path = SMAppDelegate.h; sourceTree = "<group>"; };
		BDF4386214E55A0D00A27135 /* SMAppDelegate.m */ = {isa = PBXFileReference; lastKnownFileType = sourcecode.c.objc; path = SMAppDelegate.m; sourceTree = "<group>"; };
		BDF4386414E55A0D00A27135 /* SMViewController.h */ = {isa = PBXFileReference; lastKnownFileType = sourcecode.c.h; path = SMViewController.h; sourceTree = "<group>"; };
		BDF4386514E55A0D00A27135 /* SMViewController.m */ = {isa = PBXFileReference; lastKnownFileType = sourcecode.c.objc; path = SMViewController.m; sourceTree = "<group>"; };
		BDF4386814E55A0D00A27135 /* en */ = {isa = PBXFileReference; lastKnownFileType = file.xib; name = en; path = en.lproj/SMViewController.xib; sourceTree = "<group>"; };
		BDF4387314E55BC000A27135 /* SMClove.h */ = {isa = PBXFileReference; fileEncoding = 4; lastKnownFileType = sourcecode.c.h; path = SMClove.h; sourceTree = "<group>"; };
		BDF4387414E55BC000A27135 /* SMClove.m */ = {isa = PBXFileReference; fileEncoding = 4; lastKnownFileType = sourcecode.c.objc; path = SMClove.m; sourceTree = "<group>"; };
		BDF4387514E55BC000A27135 /* SMRotaryProtocol.h */ = {isa = PBXFileReference; fileEncoding = 4; lastKnownFileType = sourcecode.c.h; path = SMRotaryProtocol.h; sourceTree = "<group>"; };
		BDF4387614E55BC000A27135 /* SMRotaryWheel.h */ = {isa = PBXFileReference; fileEncoding = 4; lastKnownFileType = sourcecode.c.h; path = SMRotaryWheel.h; sourceTree = "<group>"; };
		BDF4387714E55BC000A27135 /* SMRotaryWheel.m */ = {isa = PBXFileReference; fileEncoding = 4; lastKnownFileType = sourcecode.c.objc; path = SMRotaryWheel.m; sourceTree = "<group>"; };
		BDF4387B14E55C3400A27135 /* bg.png */ = {isa = PBXFileReference; lastKnownFileType = image.png; path = bg.png; sourceTree = "<group>"; };
		BDF4387C14E55C3400A27135 /* centerButton.png */ = {isa = PBXFileReference; lastKnownFileType = image.png; path = centerButton.png; sourceTree = "<group>"; };
		BDF4387D14E55C3400A27135 /* icon0.png */ = {isa = PBXFileReference; lastKnownFileType = image.png; path = icon0.png; sourceTree = "<group>"; };
		BDF4387E14E55C3400A27135 /* icon1.png */ = {isa = PBXFileReference; lastKnownFileType = image.png; path = icon1.png; sourceTree = "<group>"; };
		BDF4387F14E55C3400A27135 /* icon2.png */ = {isa = PBXFileReference; lastKnownFileType = image.png; path = icon2.png; sourceTree = "<group>"; };
		BDF4388014E55C3400A27135 /* icon3.png */ = {isa = PBXFileReference; lastKnownFileType = image.png; path = icon3.png; sourceTree = "<group>"; };
		BDF4388114E55C3400A27135 /* icon4.png */ = {isa = PBXFileReference; lastKnownFileType = image.png; path = icon4.png; sourceTree = "<group>"; };
		BDF4388214E55C3400A27135 /* icon5.png */ = {isa = PBXFileReference; lastKnownFileType = image.png; path = icon5.png; sourceTree = "<group>"; };
		BDF4388314E55C3400A27135 /* icon6.png */ = {isa = PBXFileReference; lastKnownFileType = image.png; path = icon6.png; sourceTree = "<group>"; };
		BDF4388414E55C3400A27135 /* icon7.png */ = {isa = PBXFileReference; lastKnownFileType = image.png; path = icon7.png; sourceTree = "<group>"; };
		BDF4388514E55C3400A27135 /* segment.png */ = {isa = PBXFileReference; lastKnownFileType = image.png; path = segment.png; sourceTree = "<group>"; };
/* End PBXFileReference section */

/* Begin PBXFrameworksBuildPhase section */
		BDF4384B14E55A0D00A27135 /* Frameworks */ = {
			isa = PBXFrameworksBuildPhase;
			buildActionMask = 2147483647;
			files = (
				BDF4385314E55A0D00A27135 /* UIKit.framework in Frameworks */,
				BDF4385514E55A0D00A27135 /* Foundation.framework in Frameworks */,
				BDF4385714E55A0D00A27135 /* CoreGraphics.framework in Frameworks */,
			);
			runOnlyForDeploymentPostprocessing = 0;
		};
/* End PBXFrameworksBuildPhase section */

/* Begin PBXGroup section */
		BDF4384314E55A0D00A27135 = {
			isa = PBXGroup;
			children = (
				BDF4385814E55A0D00A27135 /* RotaryWheelProject */,
				BDF4385114E55A0D00A27135 /* Frameworks */,
				BDF4384F14E55A0D00A27135 /* Products */,
			);
			sourceTree = "<group>";
		};
		BDF4384F14E55A0D00A27135 /* Products */ = {
			isa = PBXGroup;
			children = (
				BDF4384E14E55A0D00A27135 /* RotaryWheelProject.app */,
			);
			name = Products;
			sourceTree = "<group>";
		};
		BDF4385114E55A0D00A27135 /* Frameworks */ = {
			isa = PBXGroup;
			children = (
				BDF4385214E55A0D00A27135 /* UIKit.framework */,
				BDF4385414E55A0D00A27135 /* Foundation.framework */,
				BDF4385614E55A0D00A27135 /* CoreGraphics.framework */,
			);
			name = Frameworks;
			sourceTree = "<group>";
		};
		BDF4385814E55A0D00A27135 /* RotaryWheelProject */ = {
			isa = PBXGroup;
			children = (
				BDF4387A14E55C2700A27135 /* assets */,
				BDF4387314E55BC000A27135 /* SMClove.h */,
				BDF4387414E55BC000A27135 /* SMClove.m */,
				BDF4387514E55BC000A27135 /* SMRotaryProtocol.h */,
				BDF4387614E55BC000A27135 /* SMRotaryWheel.h */,
				BDF4387714E55BC000A27135 /* SMRotaryWheel.m */,
				BDF4386114E55A0D00A27135 /* SMAppDelegate.h */,
				BDF4386214E55A0D00A27135 /* SMAppDelegate.m */,
				BDF4386414E55A0D00A27135 /* SMViewController.h */,
				BDF4386514E55A0D00A27135 /* SMViewController.m */,
				BDF4386714E55A0D00A27135 /* SMViewController.xib */,
				BDF4385914E55A0D00A27135 /* Supporting Files */,
			);
			path = RotaryWheelProject;
			sourceTree = "<group>";
		};
		BDF4385914E55A0D00A27135 /* Supporting Files */ = {
			isa = PBXGroup;
			children = (
				BDF4385A14E55A0D00A27135 /* RotaryWheelProject-Info.plist */,
				BDF4385B14E55A0D00A27135 /* InfoPlist.strings */,
				BDF4385E14E55A0D00A27135 /* main.m */,
				BDF4386014E55A0D00A27135 /* RotaryWheelProject-Prefix.pch */,
			);
			name = "Supporting Files";
			sourceTree = "<group>";
		};
		BDF4387A14E55C2700A27135 /* assets */ = {
			isa = PBXGroup;
			children = (
				BDF4387B14E55C3400A27135 /* bg.png */,
				BDF4387C14E55C3400A27135 /* centerButton.png */,
				BDF4387D14E55C3400A27135 /* icon0.png */,
				BDF4387E14E55C3400A27135 /* icon1.png */,
				BDF4387F14E55C3400A27135 /* icon2.png */,
				BDF4388014E55C3400A27135 /* icon3.png */,
				BDF4388114E55C3400A27135 /* icon4.png */,
				BDF4388214E55C3400A27135 /* icon5.png */,
				BDF4388314E55C3400A27135 /* icon6.png */,
				BDF4388414E55C3400A27135 /* icon7.png */,
				BDF4388514E55C3400A27135 /* segment.png */,
			);
			name = assets;
			sourceTree = "<group>";
		};
/* End PBXGroup section */

/* Begin PBXNativeTarget section */
		BDF4384D14E55A0D00A27135 /* RotaryWheelProject */ = {
			isa = PBXNativeTarget;
			buildConfigurationList = BDF4386C14E55A0D00A27135 /* Build configuration list for PBXNativeTarget "RotaryWheelProject" */;
			buildPhases = (
				BDF4384A14E55A0D00A27135 /* Sources */,
				BDF4384B14E55A0D00A27135 /* Frameworks */,
				BDF4384C14E55A0D00A27135 /* Resources */,
			);
			buildRules = (
			);
			dependencies = (
			);
			name = RotaryWheelProject;
			productName = RotaryWheelProject;
			productReference = BDF4384E14E55A0D00A27135 /* RotaryWheelProject.app */;
			productType = "com.apple.product-type.application";
		};
/* End PBXNativeTarget section */

/* Begin PBXProject section */
		BDF4384514E55A0D00A27135 /* Project object */ = {
			isa = PBXProject;
			attributes = {
				LastUpgradeCheck = 0420;
			};
			buildConfigurationList = BDF4384814E55A0D00A27135 /* Build configuration list for PBXProject "RotaryWheelProject" */;
			compatibilityVersion = "Xcode 3.2";
			developmentRegion = English;
			hasScannedForEncodings = 0;
			knownRegions = (
				en,
			);
			mainGroup = BDF4384314E55A0D00A27135;
			productRefGroup = BDF4384F14E55A0D00A27135 /* Products */;
			projectDirPath = "";
			projectRoot = "";
			targets = (
				BDF4384D14E55A0D00A27135 /* RotaryWheelProject */,
			);
		};
/* End PBXProject section */

/* Begin PBXResourcesBuildPhase section */
		BDF4384C14E55A0D00A27135 /* Resources */ = {
			isa = PBXResourcesBuildPhase;
			buildActionMask = 2147483647;
			files = (
				BDF4385D14E55A0D00A27135 /* InfoPlist.strings in Resources */,
				BDF4386914E55A0D00A27135 /* SMViewController.xib in Resources */,
				BDF4388614E55C3400A27135 /* bg.png in Resources */,
				BDF4388714E55C3400A27135 /* centerButton.png in Resources */,
				BDF4388814E55C3400A27135 /* icon0.png in Resources */,
				BDF4388914E55C3400A27135 /* icon1.png in Resources */,
				BDF4388A14E55C3400A27135 /* icon2.png in Resources */,
				BDF4388B14E55C3400A27135 /* icon3.png in Resources */,
				BDF4388C14E55C3400A27135 /* icon4.png in Resources */,
				BDF4388D14E55C3400A27135 /* icon5.png in Resources */,
				BDF4388E14E55C3400A27135 /* icon6.png in Resources */,
				BDF4388F14E55C3400A27135 /* icon7.png in Resources */,
				BDF4389014E55C3400A27135 /* segment.png in Resources */,
			);
			runOnlyForDeploymentPostprocessing = 0;
		};
/* End PBXResourcesBuildPhase section */

/* Begin PBXSourcesBuildPhase section */
		BDF4384A14E55A0D00A27135 /* Sources */ = {
			isa = PBXSourcesBuildPhase;
			buildActionMask = 2147483647;
			files = (
				BDF4385F14E55A0D00A27135 /* main.m in Sources */,
				BDF4386314E55A0D00A27135 /* SMAppDelegate.m in Sources */,
				BDF4386614E55A0D00A27135 /* SMViewController.m in Sources */,
				BDF4387814E55BC000A27135 /* SMClove.m in Sources */,
				BDF4387914E55BC000A27135 /* SMRotaryWheel.m in Sources */,
			);
			runOnlyForDeploymentPostprocessing = 0;
		};
/* End PBXSourcesBuildPhase section */

/* Begin PBXVariantGroup section */
		BDF4385B14E55A0D00A27135 /* InfoPlist.strings */ = {
			isa = PBXVariantGroup;
			children = (
				BDF4385C14E55A0D00A27135 /* en */,
			);
			name = InfoPlist.strings;
			sourceTree = "<group>";
		};
		BDF4386714E55A0D00A27135 /* SMViewController.xib */ = {
			isa = PBXVariantGroup;
			children = (
				BDF4386814E55A0D00A27135 /* en */,
			);
			name = SMViewController.xib;
			sourceTree = "<group>";
		};
/* End PBXVariantGroup section */

/* Begin XCBuildConfiguration section */
		BDF4386A14E55A0D00A27135 /* Debug */ = {
			isa = XCBuildConfiguration;
			buildSettings = {
				ALWAYS_SEARCH_USER_PATHS = NO;
				ARCHS = "$(ARCHS_STANDARD_32_BIT)";
				CLANG_ENABLE_OBJC_ARC = YES;
				"CODE_SIGN_IDENTITY[sdk=iphoneos*]" = "iPhone Developer";
				COPY_PHASE_STRIP = NO;
				GCC_C_LANGUAGE_STANDARD = gnu99;
				GCC_DYNAMIC_NO_PIC = NO;
				GCC_OPTIMIZATION_LEVEL = 0;
				GCC_PREPROCESSOR_DEFINITIONS = (
					"DEBUG=1",
					"$(inherited)",
				);
				GCC_SYMBOLS_PRIVATE_EXTERN = NO;
				GCC_VERSION = com.apple.compilers.llvm.clang.1_0;
				GCC_WARN_ABOUT_MISSING_PROTOTYPES = YES;
				GCC_WARN_ABOUT_RETURN_TYPE = YES;
				GCC_WARN_UNUSED_VARIABLE = YES;
				IPHONEOS_DEPLOYMENT_TARGET = 5.0;
				SDKROOT = iphoneos;
			};
			name = Debug;
		};
		BDF4386B14E55A0D00A27135 /* Release */ = {
			isa = XCBuildConfiguration;
			buildSettings = {
				ALWAYS_SEARCH_USER_PATHS = NO;
				ARCHS = "$(ARCHS_STANDARD_32_BIT)";
				CLANG_ENABLE_OBJC_ARC = YES;
				"CODE_SIGN_IDENTITY[sdk=iphoneos*]" = "iPhone Developer";
				COPY_PHASE_STRIP = YES;
				GCC_C_LANGUAGE_STANDARD = gnu99;
				GCC_VERSION = com.apple.compilers.llvm.clang.1_0;
				GCC_WARN_ABOUT_MISSING_PROTOTYPES = YES;
				GCC_WARN_ABOUT_RETURN_TYPE = YES;
				GCC_WARN_UNUSED_VARIABLE = YES;
				IPHONEOS_DEPLOYMENT_TARGET = 5.0;
				OTHER_CFLAGS = "-DNS_BLOCK_ASSERTIONS=1";
				SDKROOT = iphoneos;
				VALIDATE_PRODUCT = YES;
			};
			name = Release;
		};
		BDF4386D14E55A0D00A27135 /* Debug */ = {
			isa = XCBuildConfiguration;
			buildSettings = {
				GCC_PRECOMPILE_PREFIX_HEADER = YES;
				GCC_PREFIX_HEADER = "RotaryWheelProject/RotaryWheelProject-Prefix.pch";
				INFOPLIST_FILE = "RotaryWheelProject/RotaryWheelProject-Info.plist";
				PRODUCT_NAME = "$(TARGET_NAME)";
				WRAPPER_EXTENSION = app;
			};
			name = Debug;
		};
		BDF4386E14E55A0D00A27135 /* Release */ = {
			isa = XCBuildConfiguration;
			buildSettings = {
				GCC_PRECOMPILE_PREFIX_HEADER = YES;
				GCC_PREFIX_HEADER = "RotaryWheelProject/RotaryWheelProject-Prefix.pch";
				INFOPLIST_FILE = "RotaryWheelProject/RotaryWheelProject-Info.plist";
				PRODUCT_NAME = "$(TARGET_NAME)";
				WRAPPER_EXTENSION = app;
			};
			name = Release;
		};
/* End XCBuildConfiguration section */

/* Begin XCConfigurationList section */
		BDF4384814E55A0D00A27135 /* Build configuration list for PBXProject "RotaryWheelProject" */ = {
			isa = XCConfigurationList;
			buildConfigurations = (
				BDF4386A14E55A0D00A27135 /* Debug */,
				BDF4386B14E55A0D00A27135 /* Release */,
			);
			defaultConfigurationIsVisible = 0;
			defaultConfigurationName = Release;
		};
		BDF4386C14E55A0D00A27135 /* Build configuration list for PBXNativeTarget "RotaryWheelProject" */ = {
			isa = XCConfigurationList;
			buildConfigurations = (
				BDF4386D14E55A0D00A27135 /* Debug */,
				BDF4386E14E55A0D00A27135 /* Release */,
			);
			defaultConfigurationIsVisible = 0;
		};
/* End XCConfigurationList section */
	};
	rootObject = BDF4384514E55A0D00A27135 /* Project object */;
}
